
Microsoft Visual Studio Solution File, Format Version 12.00
Project("{FAE04EC0-301F-11D3-BF4B-00C04F79EFBC}") = "Dystopia", "Dystopia\Dystopia.csproj", "{8ACBC36D-D333-402F-A0C1-08D2593607BF}"
EndProject
Project("{FAE04EC0-301F-11D3-BF4B-00C04F79EFBC}") = "DystopiaShared", "DystopiaShared\DystopiaShared.csproj", "{8D6B211C-3823-4EA5-8E63-A5693FF7FE61}"
EndProject
Global
	GlobalSection(SolutionConfigurationPlatforms) = preSolution
		Debug|Any CPU = Debug|Any CPU
		Release|Any CPU = Release|Any CPU
	EndGlobalSection
	GlobalSection(ProjectConfigurationPlatforms) = postSolution
		{8ACBC36D-D333-402F-A0C1-08D2593607BF}.Debug|Any CPU.ActiveCfg = Debug|Any CPU
		{8ACBC36D-D333-402F-A0C1-08D2593607BF}.Debug|Any CPU.Build.0 = Debug|Any CPU
		{8ACBC36D-D333-402F-A0C1-08D2593607BF}.Release|Any CPU.ActiveCfg = Release|Any CPU
		{8ACBC36D-D333-402F-A0C1-08D2593607BF}.Release|Any CPU.Build.0 = Release|Any CPU
		{8D6B211C-3823-4EA5-8E63-A5693FF7FE61}.Debug|Any CPU.ActiveCfg = Debug|Any CPU
		{8D6B211C-3823-4EA5-8E63-A5693FF7FE61}.Debug|Any CPU.Build.0 = Debug|Any CPU
		{8D6B211C-3823-4EA5-8E63-A5693FF7FE61}.Release|Any CPU.ActiveCfg = Release|Any CPU
		{8D6B211C-3823-4EA5-8E63-A5693FF7FE61}.Release|Any CPU.Build.0 = Release|Any CPU
	EndGlobalSection
EndGlobal
